
Microsoft Visual Studio Solution File, Format Version 12.00
# Visual Studio Version 16
VisualStudioVersion = 16.0.33027.164
MinimumVisualStudioVersion = 10.0.40219.1
Project("{FAE04EC0-301F-11D3-BF4B-00C04F79EFBC}") = "FactoryPattern", "FactoryPattern\FactoryPattern.csproj", "{9ABAEDA0-EAF2-4F10-A9B0-8C20BCA7A5E8}"
EndProject
Global
	GlobalSection(SolutionConfigurationPlatforms) = preSolution
		Debug|Any CPU = Debug|Any CPU
		Release|Any CPU = Release|Any CPU
	EndGlobalSection
	GlobalSection(ProjectConfigurationPlatforms) = postSolution
		{9ABAEDA0-EAF2-4F10-A9B0-8C20BCA7A5E8}.Debug|Any CPU.ActiveCfg = Debug|Any CPU
		{9ABAEDA0-EAF2-4F10-A9B0-8C20BCA7A5E8}.Debug|Any CPU.Build.0 = Debug|Any CPU
		{9ABAEDA0-EAF2-4F10-A9B0-8C20BCA7A5E8}.Release|Any CPU.ActiveCfg = Release|Any CPU
		{9ABAEDA0-EAF2-4F10-A9B0-8C20BCA7A5E8}.Release|Any CPU.Build.0 = Release|Any CPU
	EndGlobalSection
	GlobalSection(SolutionProperties) = preSolution
		HideSolutionNode = FALSE
	EndGlobalSection
	GlobalSection(ExtensibilityGlobals) = postSolution
		SolutionGuid = {CF5CB7A2-D213-4B15-ACEF-05E0EE01775C}
	EndGlobalSection
EndGlobal
